
Microsoft Visual Studio Solution File, Format Version 12.00
# Visual Studio Version 17
VisualStudioVersion = 17.6.33706.43
MinimumVisualStudioVersion = 10.0.40219.1
Project("{FAE04EC0-301F-11D3-BF4B-00C04F79EFBC}") = "TheMovieList", "TheMovieList.csproj", "{1CA2E413-55A9-4DB5-AD4F-504A11F0BBED}"
EndProject
Global
	GlobalSection(SolutionConfigurationPlatforms) = preSolution
		Debug|Any CPU = Debug|Any CPU
		Release|Any CPU = Release|Any CPU
	EndGlobalSection
	GlobalSection(ProjectConfigurationPlatforms) = postSolution
		{1CA2E413-55A9-4DB5-AD4F-504A11F0BBED}.Debug|Any CPU.ActiveCfg = Debug|Any CPU
		{1CA2E413-55A9-4DB5-AD4F-504A11F0BBED}.Debug|Any CPU.Build.0 = Debug|Any CPU
		{1CA2E413-55A9-4DB5-AD4F-504A11F0BBED}.Release|Any CPU.ActiveCfg = Release|Any CPU
		{1CA2E413-55A9-4DB5-AD4F-504A11F0BBED}.Release|Any CPU.Build.0 = Release|Any CPU
	EndGlobalSection
	GlobalSection(SolutionProperties) = preSolution
		HideSolutionNode = FALSE
	EndGlobalSection
	GlobalSection(ExtensibilityGlobals) = postSolution
		SolutionGuid = {31C502DF-CDA2-467F-8B22-91D96C4ED9AF}
	EndGlobalSection
EndGlobal
